<?xml version="1.0" encoding="utf-8"?>
<Project ToolsVersion="4.0" xmlns="http://schemas.microsoft.com/developer/msbuild/2003">
  <ItemGroup>
    <ClCompile Include="main.cpp" />
    <ClCompile Include="util\util.cpp">
      <Filter>util</Filter>
    </ClCompile>
    <ClCompile Include="util\FFmpeg.cpp">
      <Filter>util</Filter>
    </ClCompile>
    <ClCompile Include="point.cpp" />
    <ClCompile Include="spring.cpp" />
    <ClCompile Include="rigidBody.cpp">
      <Filter>rigidbody</Filter>
    </ClCompile>
    <ClCompile Include="Contact.cpp">
      <Filter>rigidbody</Filter>
    </ClCompile>
    <ClCompile Include="MassPoint.cpp">
      <Filter>rigidbody</Filter>
    </ClCompile>
    <ClCompile Include="FluidSimulation.cpp">
      <Filter>fluids</Filter>
    </ClCompile>
    <ClCompile Include="Fluid.cpp">
      <Filter>fluids</Filter>
    </ClCompile>
    <ClCompile Include="Particle.cpp">
      <Filter>fluids</Filter>
    </ClCompile>
  </ItemGroup>
  <ItemGroup>
    <Filter Include="util">
      <UniqueIdentifier>{ba535b4e-0c95-4992-8a48-6babc14c1f7c}</UniqueIdentifier>
    </Filter>
    <Filter Include="rigidbody">
      <UniqueIdentifier>{bd34c153-7ab0-4609-8f99-9032ddaea009}</UniqueIdentifier>
    </Filter>
    <Filter Include="fluids">
      <UniqueIdentifier>{ea586c6c-f8d3-4a1c-be63-194ffe2e0aca}</UniqueIdentifier>
    </Filter>
  </ItemGroup>
  <ItemGroup>
    <ClInclude Include="util\util.h">
      <Filter>util</Filter>
    </ClInclude>
    <ClInclude Include="util\FFmpeg.h">
      <Filter>util</Filter>
    </ClInclude>
    <ClInclude Include="spring.h" />
    <ClInclude Include="point.h" />
    <ClInclude Include="vectorOperations.h" />
    <ClInclude Include="rigidBody.h">
      <Filter>rigidbody</Filter>
    </ClInclude>
    <ClInclude Include="Contact.h">
      <Filter>rigidbody</Filter>
    </ClInclude>
    <ClInclude Include="..\..\..\..\..\Dropbox\Uni\Semester 5\PGC\collisionDetect.h">
      <Filter>rigidbody</Filter>
    </ClInclude>
    <ClInclude Include="MassPoint.h">
      <Filter>rigidbody</Filter>
    </ClInclude>
    <ClInclude Include="collisionDetect.h">
      <Filter>rigidbody</Filter>
    </ClInclude>
    <ClInclude Include="FluidSimulation.h">
      <Filter>fluids</Filter>
    </ClInclude>
    <ClInclude Include="Fluid.h">
      <Filter>fluids</Filter>
    </ClInclude>
    <ClInclude Include="Particle.h">
      <Filter>fluids</Filter>
    </ClInclude>
  </ItemGroup>
  <ItemGroup>
    <FxCompile Include="effect.fx" />
  </ItemGroup>
  <ItemGroup>
    <Text Include="..\readme.txt" />
  </ItemGroup>
</Project>